
Microsoft Visual Studio Solution File, Format Version 12.00
# Visual Studio 15
VisualStudioVersion = 15.0.27428.2027
MinimumVisualStudioVersion = 10.0.40219.1
Project("{FAE04EC0-301F-11D3-BF4B-00C04F79EFBC}") = "PracticeCode", "PracticeCode\PracticeCode.csproj", "{A3C89B24-341D-40E6-B8A8-72A9D3B0A162}"
EndProject
Global
	GlobalSection(SolutionConfigurationPlatforms) = preSolution
		Debug|Any CPU = Debug|Any CPU
		Release|Any CPU = Release|Any CPU
	EndGlobalSection
	GlobalSection(ProjectConfigurationPlatforms) = postSolution
		{A3C89B24-341D-40E6-B8A8-72A9D3B0A162}.Debug|Any CPU.ActiveCfg = Debug|Any CPU
		{A3C89B24-341D-40E6-B8A8-72A9D3B0A162}.Debug|Any CPU.Build.0 = Debug|Any CPU
		{A3C89B24-341D-40E6-B8A8-72A9D3B0A162}.Release|Any CPU.ActiveCfg = Release|Any CPU
		{A3C89B24-341D-40E6-B8A8-72A9D3B0A162}.Release|Any CPU.Build.0 = Release|Any CPU
	EndGlobalSection
	GlobalSection(SolutionProperties) = preSolution
		HideSolutionNode = FALSE
	EndGlobalSection
	GlobalSection(ExtensibilityGlobals) = postSolution
		SolutionGuid = {B358964F-2E84-4055-9D54-A9796445FF7C}
	EndGlobalSection
EndGlobal
